// !$*UTF8*$!
{
	archiveVersion = 1;
	classes = {
	};
	objectVersion = 50;
	objects = {

/* Begin PBXBuildFile section */
		3206FE13273641B3004A7423 /* AppDelegate.swift in Sources */ = {isa = PBXBuildFile; fileRef = 3206FE12273641B3004A7423 /* AppDelegate.swift */; };
		3206FE15273641B3004A7423 /* SceneDelegate.swift in Sources */ = {isa = PBXBuildFile; fileRef = 3206FE14273641B3004A7423 /* SceneDelegate.swift */; };
		3206FE17273641B3004A7423 /* ViewController.swift in Sources */ = {isa = PBXBuildFile; fileRef = 3206FE16273641B3004A7423 /* ViewController.swift */; };
		3206FE1A273641B3004A7423 /* Main.storyboard in Resources */ = {isa = PBXBuildFile; fileRef = 3206FE18273641B3004A7423 /* Main.storyboard */; };
		3206FE1D273641B3004A7423 /* ExpenseTracker_iOS_VIPHER.xcdatamodeld in Sources */ = {isa = PBXBuildFile; fileRef = 3206FE1B273641B3004A7423 /* ExpenseTracker_iOS_VIPHER.xcdatamodeld */; };
		3206FE1F273641B4004A7423 /* Assets.xcassets in Resources */ = {isa = PBXBuildFile; fileRef = 3206FE1E273641B4004A7423 /* Assets.xcassets */; };
		3206FE22273641B4004A7423 /* LaunchScreen.storyboard in Resources */ = {isa = PBXBuildFile; fileRef = 3206FE20273641B4004A7423 /* LaunchScreen.storyboard */; };
		3206FE2D273641B4004A7423 /* ExpenseTracker_iOS_VIPHERTests.swift in Sources */ = {isa = PBXBuildFile; fileRef = 3206FE2C273641B4004A7423 /* ExpenseTracker_iOS_VIPHERTests.swift */; };
		3206FE38273641B4004A7423 /* ExpenseTracker_iOS_VIPHERUITests.swift in Sources */ = {isa = PBXBuildFile; fileRef = 3206FE37273641B4004A7423 /* ExpenseTracker_iOS_VIPHERUITests.swift */; };
/* End PBXBuildFile section */

/* Begin PBXContainerItemProxy section */
		3206FE29273641B4004A7423 /* PBXContainerItemProxy */ = {
			isa = PBXContainerItemProxy;
			containerPortal = 3206FE07273641B3004A7423 /* Project object */;
			proxyType = 1;
			remoteGlobalIDString = 3206FE0E273641B3004A7423;
			remoteInfo = "ExpenseTracker-iOS-VIPHER";
		};
		3206FE34273641B4004A7423 /* PBXContainerItemProxy */ = {
			isa = PBXContainerItemProxy;
			containerPortal = 3206FE07273641B3004A7423 /* Project object */;
			proxyType = 1;
			remoteGlobalIDString = 3206FE0E273641B3004A7423;
			remoteInfo = "ExpenseTracker-iOS-VIPHER";
		};
/* End PBXContainerItemProxy section */

/* Begin PBXFileReference section */
		3206FE0F273641B3004A7423 /* ExpenseTracker-iOS-VIPHER.app */ = {isa = PBXFileReference; explicitFileType = wrapper.application; includeInIndex = 0; path = "ExpenseTracker-iOS-VIPHER.app"; sourceTree = BUILT_PRODUCTS_DIR; };
		3206FE12273641B3004A7423 /* AppDelegate.swift */ = {isa = PBXFileReference; lastKnownFileType = sourcecode.swift; path = AppDelegate.swift; sourceTree = "<group>"; };
		3206FE14273641B3004A7423 /* SceneDelegate.swift */ = {isa = PBXFileReference; lastKnownFileType = sourcecode.swift; path = SceneDelegate.swift; sourceTree = "<group>"; };
		3206FE16273641B3004A7423 /* ViewController.swift */ = {isa = PBXFileReference; lastKnownFileType = sourcecode.swift; path = ViewController.swift; sourceTree = "<group>"; };
		3206FE19273641B3004A7423 /* Base */ = {isa = PBXFileReference; lastKnownFileType = file.storyboard; name = Base; path = Base.lproj/Main.storyboard; sourceTree = "<group>"; };
		3206FE1C273641B3004A7423 /* ExpenseTracker_iOS_VIPHER.xcdatamodel */ = {isa = PBXFileReference; lastKnownFileType = wrapper.xcdatamodel; path = ExpenseTracker_iOS_VIPHER.xcdatamodel; sourceTree = "<group>"; };
		3206FE1E273641B4004A7423 /* Assets.xcassets */ = {isa = PBXFileReference; lastKnownFileType = folder.assetcatalog; path = Assets.xcassets; sourceTree = "<group>"; };
		3206FE21273641B4004A7423 /* Base */ = {isa = PBXFileReference; lastKnownFileType = file.storyboard; name = Base; path = Base.lproj/LaunchScreen.storyboard; sourceTree = "<group>"; };
		3206FE23273641B4004A7423 /* Info.plist */ = {isa = PBXFileReference; lastKnownFileType = text.plist.xml; path = Info.plist; sourceTree = "<group>"; };
		3206FE28273641B4004A7423 /* ExpenseTracker-iOS-VIPHERTests.xctest */ = {isa = PBXFileReference; explicitFileType = wrapper.cfbundle; includeInIndex = 0; path = "ExpenseTracker-iOS-VIPHERTests.xctest"; sourceTree = BUILT_PRODUCTS_DIR; };
		3206FE2C273641B4004A7423 /* ExpenseTracker_iOS_VIPHERTests.swift */ = {isa = PBXFileReference; lastKnownFileType = sourcecode.swift; path = ExpenseTracker_iOS_VIPHERTests.swift; sourceTree = "<group>"; };
		3206FE2E273641B4004A7423 /* Info.plist */ = {isa = PBXFileReference; lastKnownFileType = text.plist.xml; path = Info.plist; sourceTree = "<group>"; };
		3206FE33273641B4004A7423 /* ExpenseTracker-iOS-VIPHERUITests.xctest */ = {isa = PBXFileReference; explicitFileType = wrapper.cfbundle; includeInIndex = 0; path = "ExpenseTracker-iOS-VIPHERUITests.xctest"; sourceTree = BUILT_PRODUCTS_DIR; };
		3206FE37273641B4004A7423 /* ExpenseTracker_iOS_VIPHERUITests.swift */ = {isa = PBXFileReference; lastKnownFileType = sourcecode.swift; path = ExpenseTracker_iOS_VIPHERUITests.swift; sourceTree = "<group>"; };
		3206FE39273641B4004A7423 /* Info.plist */ = {isa = PBXFileReference; lastKnownFileType = text.plist.xml; path = Info.plist; sourceTree = "<group>"; };
/* End PBXFileReference section */

/* Begin PBXFrameworksBuildPhase section */
		3206FE0C273641B3004A7423 /* Frameworks */ = {
			isa = PBXFrameworksBuildPhase;
			buildActionMask = 2147483647;
			files = (
			);
			runOnlyForDeploymentPostprocessing = 0;
		};
		3206FE25273641B4004A7423 /* Frameworks */ = {
			isa = PBXFrameworksBuildPhase;
			buildActionMask = 2147483647;
			files = (
			);
			runOnlyForDeploymentPostprocessing = 0;
		};
		3206FE30273641B4004A7423 /* Frameworks */ = {
			isa = PBXFrameworksBuildPhase;
			buildActionMask = 2147483647;
			files = (
			);
			runOnlyForDeploymentPostprocessing = 0;
		};
/* End PBXFrameworksBuildPhase section */

/* Begin PBXGroup section */
		3206FE06273641B3004A7423 = {
			isa = PBXGroup;
			children = (
				3206FE11273641B3004A7423 /* ExpenseTracker-iOS-VIPHER */,
				3206FE2B273641B4004A7423 /* ExpenseTracker-iOS-VIPHERTests */,
				3206FE36273641B4004A7423 /* ExpenseTracker-iOS-VIPHERUITests */,
				3206FE10273641B3004A7423 /* Products */,
			);
			sourceTree = "<group>";
		};
		3206FE10273641B3004A7423 /* Products */ = {
			isa = PBXGroup;
			children = (
				3206FE0F273641B3004A7423 /* ExpenseTracker-iOS-VIPHER.app */,
				3206FE28273641B4004A7423 /* ExpenseTracker-iOS-VIPHERTests.xctest */,
				3206FE33273641B4004A7423 /* ExpenseTracker-iOS-VIPHERUITests.xctest */,
			);
			name = Products;
			sourceTree = "<group>";
		};
		3206FE11273641B3004A7423 /* ExpenseTracker-iOS-VIPHER */ = {
			isa = PBXGroup;
			children = (
				3206FE12273641B3004A7423 /* AppDelegate.swift */,
				3206FE14273641B3004A7423 /* SceneDelegate.swift */,
				3206FE16273641B3004A7423 /* ViewController.swift */,
				3206FE18273641B3004A7423 /* Main.storyboard */,
				3206FE1E273641B4004A7423 /* Assets.xcassets */,
				3206FE20273641B4004A7423 /* LaunchScreen.storyboard */,
				3206FE23273641B4004A7423 /* Info.plist */,
				3206FE1B273641B3004A7423 /* ExpenseTracker_iOS_VIPHER.xcdatamodeld */,
			);
			path = "ExpenseTracker-iOS-VIPHER";
			sourceTree = "<group>";
		};
		3206FE2B273641B4004A7423 /* ExpenseTracker-iOS-VIPHERTests */ = {
			isa = PBXGroup;
			children = (
				3206FE2C273641B4004A7423 /* ExpenseTracker_iOS_VIPHERTests.swift */,
				3206FE2E273641B4004A7423 /* Info.plist */,
			);
			path = "ExpenseTracker-iOS-VIPHERTests";
			sourceTree = "<group>";
		};
		3206FE36273641B4004A7423 /* ExpenseTracker-iOS-VIPHERUITests */ = {
			isa = PBXGroup;
			children = (
				3206FE37273641B4004A7423 /* ExpenseTracker_iOS_VIPHERUITests.swift */,
				3206FE39273641B4004A7423 /* Info.plist */,
			);
			path = "ExpenseTracker-iOS-VIPHERUITests";
			sourceTree = "<group>";
		};
/* End PBXGroup section */

/* Begin PBXNativeTarget section */
		3206FE0E273641B3004A7423 /* ExpenseTracker-iOS-VIPHER */ = {
			isa = PBXNativeTarget;
			buildConfigurationList = 3206FE3C273641B4004A7423 /* Build configuration list for PBXNativeTarget "ExpenseTracker-iOS-VIPHER" */;
			buildPhases = (
				3206FE0B273641B3004A7423 /* Sources */,
				3206FE0C273641B3004A7423 /* Frameworks */,
				3206FE0D273641B3004A7423 /* Resources */,
			);
			buildRules = (
			);
			dependencies = (
			);
			name = "ExpenseTracker-iOS-VIPHER";
			productName = "ExpenseTracker-iOS-VIPHER";
			productReference = 3206FE0F273641B3004A7423 /* ExpenseTracker-iOS-VIPHER.app */;
			productType = "com.apple.product-type.application";
		};
		3206FE27273641B4004A7423 /* ExpenseTracker-iOS-VIPHERTests */ = {
			isa = PBXNativeTarget;
			buildConfigurationList = 3206FE3F273641B4004A7423 /* Build configuration list for PBXNativeTarget "ExpenseTracker-iOS-VIPHERTests" */;
			buildPhases = (
				3206FE24273641B4004A7423 /* Sources */,
				3206FE25273641B4004A7423 /* Frameworks */,
				3206FE26273641B4004A7423 /* Resources */,
			);
			buildRules = (
			);
			dependencies = (
				3206FE2A273641B4004A7423 /* PBXTargetDependency */,
			);
			name = "ExpenseTracker-iOS-VIPHERTests";
			productName = "ExpenseTracker-iOS-VIPHERTests";
			productReference = 3206FE28273641B4004A7423 /* ExpenseTracker-iOS-VIPHERTests.xctest */;
			productType = "com.apple.product-type.bundle.unit-test";
		};
		3206FE32273641B4004A7423 /* ExpenseTracker-iOS-VIPHERUITests */ = {
			isa = PBXNativeTarget;
			buildConfigurationList = 3206FE42273641B4004A7423 /* Build configuration list for PBXNativeTarget "ExpenseTracker-iOS-VIPHERUITests" */;
			buildPhases = (
				3206FE2F273641B4004A7423 /* Sources */,
				3206FE30273641B4004A7423 /* Frameworks */,
				3206FE31273641B4004A7423 /* Resources */,
			);
			buildRules = (
			);
			dependencies = (
				3206FE35273641B4004A7423 /* PBXTargetDependency */,
			);
			name = "ExpenseTracker-iOS-VIPHERUITests";
			productName = "ExpenseTracker-iOS-VIPHERUITests";
			productReference = 3206FE33273641B4004A7423 /* ExpenseTracker-iOS-VIPHERUITests.xctest */;
			productType = "com.apple.product-type.bundle.ui-testing";
		};
/* End PBXNativeTarget section */

/* Begin PBXProject section */
		3206FE07273641B3004A7423 /* Project object */ = {
			isa = PBXProject;
			attributes = {
				LastSwiftUpdateCheck = 1250;
				LastUpgradeCheck = 1250;
				TargetAttributes = {
					3206FE0E273641B3004A7423 = {
						CreatedOnToolsVersion = 12.5.1;
					};
					3206FE27273641B4004A7423 = {
						CreatedOnToolsVersion = 12.5.1;
						TestTargetID = 3206FE0E273641B3004A7423;
					};
					3206FE32273641B4004A7423 = {
						CreatedOnToolsVersion = 12.5.1;
						TestTargetID = 3206FE0E273641B3004A7423;
					};
				};
			};
			buildConfigurationList = 3206FE0A273641B3004A7423 /* Build configuration list for PBXProject "ExpenseTracker-iOS-VIPHER" */;
			compatibilityVersion = "Xcode 9.3";
			developmentRegion = en;
			hasScannedForEncodings = 0;
			knownRegions = (
				en,
				Base,
			);
			mainGroup = 3206FE06273641B3004A7423;
			productRefGroup = 3206FE10273641B3004A7423 /* Products */;
			projectDirPath = "";
			projectRoot = "";
			targets = (
				3206FE0E273641B3004A7423 /* ExpenseTracker-iOS-VIPHER */,
				3206FE27273641B4004A7423 /* ExpenseTracker-iOS-VIPHERTests */,
				3206FE32273641B4004A7423 /* ExpenseTracker-iOS-VIPHERUITests */,
			);
		};
/* End PBXProject section */

/* Begin PBXResourcesBuildPhase section */
		3206FE0D273641B3004A7423 /* Resources */ = {
			isa = PBXResourcesBuildPhase;
			buildActionMask = 2147483647;
			files = (
				3206FE22273641B4004A7423 /* LaunchScreen.storyboard in Resources */,
				3206FE1F273641B4004A7423 /* Assets.xcassets in Resources */,
				3206FE1A273641B3004A7423 /* Main.storyboard in Resources */,
			);
			runOnlyForDeploymentPostprocessing = 0;
		};
		3206FE26273641B4004A7423 /* Resources */ = {
			isa = PBXResourcesBuildPhase;
			buildActionMask = 2147483647;
			files = (
			);
			runOnlyForDeploymentPostprocessing = 0;
		};
		3206FE31273641B4004A7423 /* Resources */ = {
			isa = PBXResourcesBuildPhase;
			buildActionMask = 2147483647;
			files = (
			);
			runOnlyForDeploymentPostprocessing = 0;
		};
/* End PBXResourcesBuildPhase section */

/* Begin PBXSourcesBuildPhase section */
		3206FE0B273641B3004A7423 /* Sources */ = {
			isa = PBXSourcesBuildPhase;
			buildActionMask = 2147483647;
			files = (
				3206FE17273641B3004A7423 /* ViewController.swift in Sources */,
				3206FE1D273641B3004A7423 /* ExpenseTracker_iOS_VIPHER.xcdatamodeld in Sources */,
				3206FE13273641B3004A7423 /* AppDelegate.swift in Sources */,
				3206FE15273641B3004A7423 /* SceneDelegate.swift in Sources */,
			);
			runOnlyForDeploymentPostprocessing = 0;
		};
		3206FE24273641B4004A7423 /* Sources */ = {
			isa = PBXSourcesBuildPhase;
			buildActionMask = 2147483647;
			files = (
				3206FE2D273641B4004A7423 /* ExpenseTracker_iOS_VIPHERTests.swift in Sources */,
			);
			runOnlyForDeploymentPostprocessing = 0;
		};
		3206FE2F273641B4004A7423 /* Sources */ = {
			isa = PBXSourcesBuildPhase;
			buildActionMask = 2147483647;
			files = (
				3206FE38273641B4004A7423 /* ExpenseTracker_iOS_VIPHERUITests.swift in Sources */,
			);
			runOnlyForDeploymentPostprocessing = 0;
		};
/* End PBXSourcesBuildPhase section */

/* Begin PBXTargetDependency section */
		3206FE2A273641B4004A7423 /* PBXTargetDependency */ = {
			isa = PBXTargetDependency;
			target = 3206FE0E273641B3004A7423 /* ExpenseTracker-iOS-VIPHER */;
			targetProxy = 3206FE29273641B4004A7423 /* PBXContainerItemProxy */;
		};
		3206FE35273641B4004A7423 /* PBXTargetDependency */ = {
			isa = PBXTargetDependency;
			target = 3206FE0E273641B3004A7423 /* ExpenseTracker-iOS-VIPHER */;
			targetProxy = 3206FE34273641B4004A7423 /* PBXContainerItemProxy */;
		};
/* End PBXTargetDependency section */

/* Begin PBXVariantGroup section */
		3206FE18273641B3004A7423 /* Main.storyboard */ = {
			isa = PBXVariantGroup;
			children = (
				3206FE19273641B3004A7423 /* Base */,
			);
			name = Main.storyboard;
			sourceTree = "<group>";
		};
		3206FE20273641B4004A7423 /* LaunchScreen.storyboard */ = {
			isa = PBXVariantGroup;
			children = (
				3206FE21273641B4004A7423 /* Base */,
			);
			name = LaunchScreen.storyboard;
			sourceTree = "<group>";
		};
/* End PBXVariantGroup section */

/* Begin XCBuildConfiguration section */
		3206FE3A273641B4004A7423 /* Debug */ = {
			isa = XCBuildConfiguration;
			buildSettings = {
				ALWAYS_SEARCH_USER_PATHS = NO;
				CLANG_ANALYZER_NONNULL = YES;
				CLANG_ANALYZER_NUMBER_OBJECT_CONVERSION = YES_AGGRESSIVE;
				CLANG_CXX_LANGUAGE_STANDARD = "gnu++14";
				CLANG_CXX_LIBRARY = "libc++";
				CLANG_ENABLE_MODULES = YES;
				CLANG_ENABLE_OBJC_ARC = YES;
				CLANG_ENABLE_OBJC_WEAK = YES;
				CLANG_WARN_BLOCK_CAPTURE_AUTORELEASING = YES;
				CLANG_WARN_BOOL_CONVERSION = YES;
				CLANG_WARN_COMMA = YES;
				CLANG_WARN_CONSTANT_CONVERSION = YES;
				CLANG_WARN_DEPRECATED_OBJC_IMPLEMENTATIONS = YES;
				CLANG_WARN_DIRECT_OBJC_ISA_USAGE = YES_ERROR;
				CLANG_WARN_DOCUMENTATION_COMMENTS = YES;
				CLANG_WARN_EMPTY_BODY = YES;
				CLANG_WARN_ENUM_CONVERSION = YES;
				CLANG_WARN_INFINITE_RECURSION = YES;
				CLANG_WARN_INT_CONVERSION = YES;
				CLANG_WARN_NON_LITERAL_NULL_CONVERSION = YES;
				CLANG_WARN_OBJC_IMPLICIT_RETAIN_SELF = YES;
				CLANG_WARN_OBJC_LITERAL_CONVERSION = YES;
				CLANG_WARN_OBJC_ROOT_CLASS = YES_ERROR;
				CLANG_WARN_QUOTED_INCLUDE_IN_FRAMEWORK_HEADER = YES;
				CLANG_WARN_RANGE_LOOP_ANALYSIS = YES;
				CLANG_WARN_STRICT_PROTOTYPES = YES;
				CLANG_WARN_SUSPICIOUS_MOVE = YES;
				CLANG_WARN_UNGUARDED_AVAILABILITY = YES_AGGRESSIVE;
				CLANG_WARN_UNREACHABLE_CODE = YES;
				CLANG_WARN__DUPLICATE_METHOD_MATCH = YES;
				COPY_PHASE_STRIP = NO;
				DEBUG_INFORMATION_FORMAT = dwarf;
				ENABLE_STRICT_OBJC_MSGSEND = YES;
				ENABLE_TESTABILITY = YES;
				GCC_C_LANGUAGE_STANDARD = gnu11;
				GCC_DYNAMIC_NO_PIC = NO;
				GCC_NO_COMMON_BLOCKS = YES;
				GCC_OPTIMIZATION_LEVEL = 0;
				GCC_PREPROCESSOR_DEFINITIONS = (
					"DEBUG=1",
					"$(inherited)",
				);
				GCC_WARN_64_TO_32_BIT_CONVERSION = YES;
				GCC_WARN_ABOUT_RETURN_TYPE = YES_ERROR;
				GCC_WARN_UNDECLARED_SELECTOR = YES;
				GCC_WARN_UNINITIALIZED_AUTOS = YES_AGGRESSIVE;
				GCC_WARN_UNUSED_FUNCTION = YES;
				GCC_WARN_UNUSED_VARIABLE = YES;
				IPHONEOS_DEPLOYMENT_TARGET = 14.5;
				MTL_ENABLE_DEBUG_INFO = INCLUDE_SOURCE;
				MTL_FAST_MATH = YES;
				ONLY_ACTIVE_ARCH = YES;
				SDKROOT = iphoneos;
				SWIFT_ACTIVE_COMPILATION_CONDITIONS = DEBUG;
				SWIFT_OPTIMIZATION_LEVEL = "-Onone";
			};
			name = Debug;
		};
		3206FE3B273641B4004A7423 /* Release */ = {
			isa = XCBuildConfiguration;
			buildSettings = {
				ALWAYS_SEARCH_USER_PATHS = NO;
				CLANG_ANALYZER_NONNULL = YES;
				CLANG_ANALYZER_NUMBER_OBJECT_CONVERSION = YES_AGGRESSIVE;
				CLANG_CXX_LANGUAGE_STANDARD = "gnu++14";
				CLANG_CXX_LIBRARY = "libc++";
				CLANG_ENABLE_MODULES = YES;
				CLANG_ENABLE_OBJC_ARC = YES;
				CLANG_ENABLE_OBJC_WEAK = YES;
				CLANG_WARN_BLOCK_CAPTURE_AUTORELEASING = YES;
				CLANG_WARN_BOOL_CONVERSION = YES;
				CLANG_WARN_COMMA = YES;
				CLANG_WARN_CONSTANT_CONVERSION = YES;
				CLANG_WARN_DEPRECATED_OBJC_IMPLEMENTATIONS = YES;
				CLANG_WARN_DIRECT_OBJC_ISA_USAGE = YES_ERROR;
				CLANG_WARN_DOCUMENTATION_COMMENTS = YES;
				CLANG_WARN_EMPTY_BODY = YES;
				CLANG_WARN_ENUM_CONVERSION = YES;
				CLANG_WARN_INFINITE_RECURSION = YES;
				CLANG_WARN_INT_CONVERSION = YES;
				CLANG_WARN_NON_LITERAL_NULL_CONVERSION = YES;
				CLANG_WARN_OBJC_IMPLICIT_RETAIN_SELF = YES;
				CLANG_WARN_OBJC_LITERAL_CONVERSION = YES;
				CLANG_WARN_OBJC_ROOT_CLASS = YES_ERROR;
				CLANG_WARN_QUOTED_INCLUDE_IN_FRAMEWORK_HEADER = YES;
				CLANG_WARN_RANGE_LOOP_ANALYSIS = YES;
				CLANG_WARN_STRICT_PROTOTYPES = YES;
				CLANG_WARN_SUSPICIOUS_MOVE = YES;
				CLANG_WARN_UNGUARDED_AVAILABILITY = YES_AGGRESSIVE;
				CLANG_WARN_UNREACHABLE_CODE = YES;
				CLANG_WARN__DUPLICATE_METHOD_MATCH = YES;
				COPY_PHASE_STRIP = NO;
				DEBUG_INFORMATION_FORMAT = "dwarf-with-dsym";
				ENABLE_NS_ASSERTIONS = NO;
				ENABLE_STRICT_OBJC_MSGSEND = YES;
				GCC_C_LANGUAGE_STANDARD = gnu11;
				GCC_NO_COMMON_BLOCKS = YES;
				GCC_WARN_64_TO_32_BIT_CONVERSION = YES;
				GCC_WARN_ABOUT_RETURN_TYPE = YES_ERROR;
				GCC_WARN_UNDECLARED_SELECTOR = YES;
				GCC_WARN_UNINITIALIZED_AUTOS = YES_AGGRESSIVE;
				GCC_WARN_UNUSED_FUNCTION = YES;
				GCC_WARN_UNUSED_VARIABLE = YES;
				IPHONEOS_DEPLOYMENT_TARGET = 14.5;
				MTL_ENABLE_DEBUG_INFO = NO;
				MTL_FAST_MATH = YES;
				SDKROOT = iphoneos;
				SWIFT_COMPILATION_MODE = wholemodule;
				SWIFT_OPTIMIZATION_LEVEL = "-O";
				VALIDATE_PRODUCT = YES;
			};
			name = Release;
		};
		3206FE3D273641B4004A7423 /* Debug */ = {
			isa = XCBuildConfiguration;
			buildSettings = {
				ASSETCATALOG_COMPILER_APPICON_NAME = AppIcon;
				ASSETCATALOG_COMPILER_GLOBAL_ACCENT_COLOR_NAME = AccentColor;
				CODE_SIGN_STYLE = Automatic;
				DEVELOPMENT_TEAM = KG3WAQGRWG;
				INFOPLIST_FILE = "ExpenseTracker-iOS-VIPHER/Info.plist";
				LD_RUNPATH_SEARCH_PATHS = (
					"$(inherited)",
					"@executable_path/Frameworks",
				);
				PRODUCT_BUNDLE_IDENTIFIER = "com.prabha.practice.ExpenseTracker-iOS-VIPHER";
				PRODUCT_NAME = "$(TARGET_NAME)";
				SWIFT_VERSION = 5.0;
				TARGETED_DEVICE_FAMILY = "1,2";
			};
			name = Debug;
		};
		3206FE3E273641B4004A7423 /* Release */ = {
			isa = XCBuildConfiguration;
			buildSettings = {
				ASSETCATALOG_COMPILER_APPICON_NAME = AppIcon;
				ASSETCATALOG_COMPILER_GLOBAL_ACCENT_COLOR_NAME = AccentColor;
				CODE_SIGN_STYLE = Automatic;
				DEVELOPMENT_TEAM = KG3WAQGRWG;
				INFOPLIST_FILE = "ExpenseTracker-iOS-VIPHER/Info.plist";
				LD_RUNPATH_SEARCH_PATHS = (
					"$(inherited)",
					"@executable_path/Frameworks",
				);
				PRODUCT_BUNDLE_IDENTIFIER = "com.prabha.practice.ExpenseTracker-iOS-VIPHER";
				PRODUCT_NAME = "$(TARGET_NAME)";
				SWIFT_VERSION = 5.0;
				TARGETED_DEVICE_FAMILY = "1,2";
			};
			name = Release;
		};
		3206FE40273641B4004A7423 /* Debug */ = {
			isa = XCBuildConfiguration;
			buildSettings = {
				ALWAYS_EMBED_SWIFT_STANDARD_LIBRARIES = YES;
				BUNDLE_LOADER = "$(TEST_HOST)";
				CODE_SIGN_STYLE = Automatic;
				DEVELOPMENT_TEAM = KG3WAQGRWG;
				INFOPLIST_FILE = "ExpenseTracker-iOS-VIPHERTests/Info.plist";
				IPHONEOS_DEPLOYMENT_TARGET = 14.5;
				LD_RUNPATH_SEARCH_PATHS = (
					"$(inherited)",
					"@executable_path/Frameworks",
					"@loader_path/Frameworks",
				);
				PRODUCT_BUNDLE_IDENTIFIER = "com.prabha.practice.ExpenseTracker-iOS-VIPHERTests";
				PRODUCT_NAME = "$(TARGET_NAME)";
				SWIFT_VERSION = 5.0;
				TARGETED_DEVICE_FAMILY = "1,2";
				TEST_HOST = "$(BUILT_PRODUCTS_DIR)/ExpenseTracker-iOS-VIPHER.app/ExpenseTracker-iOS-VIPHER";
			};
			name = Debug;
		};
		3206FE41273641B4004A7423 /* Release */ = {
			isa = XCBuildConfiguration;
			buildSettings = {
				ALWAYS_EMBED_SWIFT_STANDARD_LIBRARIES = YES;
				BUNDLE_LOADER = "$(TEST_HOST)";
				CODE_SIGN_STYLE = Automatic;
				DEVELOPMENT_TEAM = KG3WAQGRWG;
				INFOPLIST_FILE = "ExpenseTracker-iOS-VIPHERTests/Info.plist";
				IPHONEOS_DEPLOYMENT_TARGET = 14.5;
				LD_RUNPATH_SEARCH_PATHS = (
					"$(inherited)",
					"@executable_path/Frameworks",
					"@loader_path/Frameworks",
				);
				PRODUCT_BUNDLE_IDENTIFIER = "com.prabha.practice.ExpenseTracker-iOS-VIPHERTests";
				PRODUCT_NAME = "$(TARGET_NAME)";
				SWIFT_VERSION = 5.0;
				TARGETED_DEVICE_FAMILY = "1,2";
				TEST_HOST = "$(BUILT_PRODUCTS_DIR)/ExpenseTracker-iOS-VIPHER.app/ExpenseTracker-iOS-VIPHER";
			};
			name = Release;
		};
		3206FE43273641B4004A7423 /* Debug */ = {
			isa = XCBuildConfiguration;
			buildSettings = {
				ALWAYS_EMBED_SWIFT_STANDARD_LIBRARIES = YES;
				CODE_SIGN_STYLE = Automatic;
				DEVELOPMENT_TEAM = KG3WAQGRWG;
				INFOPLIST_FILE = "ExpenseTracker-iOS-VIPHERUITests/Info.plist";
				LD_RUNPATH_SEARCH_PATHS = (
					"$(inherited)",
					"@executable_path/Frameworks",
					"@loader_path/Frameworks",
				);
				PRODUCT_BUNDLE_IDENTIFIER = "com.prabha.practice.ExpenseTracker-iOS-VIPHERUITests";
				PRODUCT_NAME = "$(TARGET_NAME)";
				SWIFT_VERSION = 5.0;
				TARGETED_DEVICE_FAMILY = "1,2";
				TEST_TARGET_NAME = "ExpenseTracker-iOS-VIPHER";
			};
			name = Debug;
		};
		3206FE44273641B4004A7423 /* Release */ = {
			isa = XCBuildConfiguration;
			buildSettings = {
				ALWAYS_EMBED_SWIFT_STANDARD_LIBRARIES = YES;
				CODE_SIGN_STYLE = Automatic;
				DEVELOPMENT_TEAM = KG3WAQGRWG;
				INFOPLIST_FILE = "ExpenseTracker-iOS-VIPHERUITests/Info.plist";
				LD_RUNPATH_SEARCH_PATHS = (
					"$(inherited)",
					"@executable_path/Frameworks",
					"@loader_path/Frameworks",
				);
				PRODUCT_BUNDLE_IDENTIFIER = "com.prabha.practice.ExpenseTracker-iOS-VIPHERUITests";
				PRODUCT_NAME = "$(TARGET_NAME)";
				SWIFT_VERSION = 5.0;
				TARGETED_DEVICE_FAMILY = "1,2";
				TEST_TARGET_NAME = "ExpenseTracker-iOS-VIPHER";
			};
			name = Release;
		};
/* End XCBuildConfiguration section */

/* Begin XCConfigurationList section */
		3206FE0A273641B3004A7423 /* Build configuration list for PBXProject "ExpenseTracker-iOS-VIPHER" */ = {
			isa = XCConfigurationList;
			buildConfigurations = (
				3206FE3A273641B4004A7423 /* Debug */,
				3206FE3B273641B4004A7423 /* Release */,
			);
			defaultConfigurationIsVisible = 0;
			defaultConfigurationName = Release;
		};
		3206FE3C273641B4004A7423 /* Build configuration list for PBXNativeTarget "ExpenseTracker-iOS-VIPHER" */ = {
			isa = XCConfigurationList;
			buildConfigurations = (
				3206FE3D273641B4004A7423 /* Debug */,
				3206FE3E273641B4004A7423 /* Release */,
			);
			defaultConfigurationIsVisible = 0;
			defaultConfigurationName = Release;
		};
		3206FE3F273641B4004A7423 /* Build configuration list for PBXNativeTarget "ExpenseTracker-iOS-VIPHERTests" */ = {
			isa = XCConfigurationList;
			buildConfigurations = (
				3206FE40273641B4004A7423 /* Debug */,
				3206FE41273641B4004A7423 /* Release */,
			);
			defaultConfigurationIsVisible = 0;
			defaultConfigurationName = Release;
		};
		3206FE42273641B4004A7423 /* Build configuration list for PBXNativeTarget "ExpenseTracker-iOS-VIPHERUITests" */ = {
			isa = XCConfigurationList;
			buildConfigurations = (
				3206FE43273641B4004A7423 /* Debug */,
				3206FE44273641B4004A7423 /* Release */,
			);
			defaultConfigurationIsVisible = 0;
			defaultConfigurationName = Release;
		};
/* End XCConfigurationList section */

/* Begin XCVersionGroup section */
		3206FE1B273641B3004A7423 /* ExpenseTracker_iOS_VIPHER.xcdatamodeld */ = {
			isa = XCVersionGroup;
			children = (
				3206FE1C273641B3004A7423 /* ExpenseTracker_iOS_VIPHER.xcdatamodel */,
			);
			currentVersion = 3206FE1C273641B3004A7423 /* ExpenseTracker_iOS_VIPHER.xcdatamodel */;
			path = ExpenseTracker_iOS_VIPHER.xcdatamodeld;
			sourceTree = "<group>";
			versionGroupType = wrapper.xcdatamodel;
		};
/* End XCVersionGroup section */
	};
	rootObject = 3206FE07273641B3004A7423 /* Project object */;
}
